
Microsoft Visual Studio Solution File, Format Version 12.00
# Visual Studio Version 17
VisualStudioVersion = 17.5.33502.453
MinimumVisualStudioVersion = 10.0.40219.1
Project("{FAE04EC0-301F-11D3-BF4B-00C04F79EFBC}") = "ćwiczenie 3- zadanie nr 4", "ćwiczenie 3- zadanie nr 4.csproj", "{B7F0B736-24AF-42BF-A64E-E880BD315AFA}"
EndProject
Global
	GlobalSection(SolutionConfigurationPlatforms) = preSolution
		Debug|Any CPU = Debug|Any CPU
		Release|Any CPU = Release|Any CPU
	EndGlobalSection
	GlobalSection(ProjectConfigurationPlatforms) = postSolution
		{B7F0B736-24AF-42BF-A64E-E880BD315AFA}.Debug|Any CPU.ActiveCfg = Debug|Any CPU
		{B7F0B736-24AF-42BF-A64E-E880BD315AFA}.Debug|Any CPU.Build.0 = Debug|Any CPU
		{B7F0B736-24AF-42BF-A64E-E880BD315AFA}.Release|Any CPU.ActiveCfg = Release|Any CPU
		{B7F0B736-24AF-42BF-A64E-E880BD315AFA}.Release|Any CPU.Build.0 = Release|Any CPU
	EndGlobalSection
	GlobalSection(SolutionProperties) = preSolution
		HideSolutionNode = FALSE
	EndGlobalSection
	GlobalSection(ExtensibilityGlobals) = postSolution
		SolutionGuid = {9A04E57A-4BDE-49E7-BB4B-EA68A6CBFAE0}
	EndGlobalSection
EndGlobal
